PODS:
  - XLPagerTabStrip (8.0.1)

DEPENDENCIES:
  - XLPagerTabStrip

SPEC REPOS:
  https://github.com/CocoaPods/Specs.git:
    - XLPagerTabStrip

SPEC CHECKSUMS:
  XLPagerTabStrip: c908b17cbf42fcd2598ee1adfc49bae25444d88a

PODFILE CHECKSUM: d3eb3db3c16d0a3bdb2e294b0e09f8c9a09f594f

COCOAPODS: 1.5.0
